// !$*UTF8*$!
{
	archiveVersion = 1;
	classes = {
	};
	objectVersion = 50;
	objects = {

/* Begin PBXBuildFile section */
		434FE68A24CE51CF00A3A9BB /* Date.swift in Sources */ = {isa = PBXBuildFile; fileRef = 434FE68124CE51CF00A3A9BB /* Date.swift */; };
		434FE68B24CE51CF00A3A9BB /* Geometry.swift in Sources */ = {isa = PBXBuildFile; fileRef = 434FE68224CE51CF00A3A9BB /* Geometry.swift */; };
		434FE68C24CE51CF00A3A9BB /* UILabel.swift in Sources */ = {isa = PBXBuildFile; fileRef = 434FE68324CE51CF00A3A9BB /* UILabel.swift */; };
		434FE68D24CE51CF00A3A9BB /* Bundle.swift in Sources */ = {isa = PBXBuildFile; fileRef = 434FE68424CE51CF00A3A9BB /* Bundle.swift */; };
		434FE68E24CE51CF00A3A9BB /* UIViewController.swift in Sources */ = {isa = PBXBuildFile; fileRef = 434FE68524CE51CF00A3A9BB /* UIViewController.swift */; };
		434FE68F24CE51CF00A3A9BB /* Alert.swift in Sources */ = {isa = PBXBuildFile; fileRef = 434FE68624CE51CF00A3A9BB /* Alert.swift */; };
		434FE69024CE51CF00A3A9BB /* Array.swift in Sources */ = {isa = PBXBuildFile; fileRef = 434FE68724CE51CF00A3A9BB /* Array.swift */; };
		434FE69124CE51CF00A3A9BB /* OSLog.swift in Sources */ = {isa = PBXBuildFile; fileRef = 434FE68824CE51CF00A3A9BB /* OSLog.swift */; };
		434FE69224CE51CF00A3A9BB /* UITableView.swift in Sources */ = {isa = PBXBuildFile; fileRef = 434FE68924CE51CF00A3A9BB /* UITableView.swift */; };
		438C02B6239132CA004EA63F /* PlainExtension.h in Headers */ = {isa = PBXBuildFile; fileRef = 438C02B4239132CA004EA63F /* PlainExtension.h */; settings = {ATTRIBUTES = (Public, ); }; };
		438C02C823913340004EA63F /* UIView.swift in Sources */ = {isa = PBXBuildFile; fileRef = 438C02BD23913340004EA63F /* UIView.swift */; };
		438C02C923913340004EA63F /* UINavigationController.swift in Sources */ = {isa = PBXBuildFile; fileRef = 438C02BE23913340004EA63F /* UINavigationController.swift */; };
		438C02CA23913340004EA63F /* String.swift in Sources */ = {isa = PBXBuildFile; fileRef = 438C02BF23913340004EA63F /* String.swift */; };
		438C02CB23913340004EA63F /* Number.swift in Sources */ = {isa = PBXBuildFile; fileRef = 438C02C023913340004EA63F /* Number.swift */; };
		438C02CC23913340004EA63F /* NSLayoutConstraint.swift in Sources */ = {isa = PBXBuildFile; fileRef = 438C02C123913340004EA63F /* NSLayoutConstraint.swift */; };
		438C02CD23913340004EA63F /* Then.swift in Sources */ = {isa = PBXBuildFile; fileRef = 438C02C223913340004EA63F /* Then.swift */; };
		438C02CE23913340004EA63F /* UIPageViewController.swift in Sources */ = {isa = PBXBuildFile; fileRef = 438C02C323913340004EA63F /* UIPageViewController.swift */; };
		438C02CF23913340004EA63F /* UIButton.swift in Sources */ = {isa = PBXBuildFile; fileRef = 438C02C423913340004EA63F /* UIButton.swift */; };
		438C02D023913340004EA63F /* UIColor.swift in Sources */ = {isa = PBXBuildFile; fileRef = 438C02C523913340004EA63F /* UIColor.swift */; };
		438C02D123913340004EA63F /* Keyboard.swift in Sources */ = {isa = PBXBuildFile; fileRef = 438C02C623913340004EA63F /* Keyboard.swift */; };
		438C02D223913340004EA63F /* UIImage.swift in Sources */ = {isa = PBXBuildFile; fileRef = 438C02C723913340004EA63F /* UIImage.swift */; };
		438C035323913BE3004EA63F /* PlainExtension.podspec in Resources */ = {isa = PBXBuildFile; fileRef = 438C035023913BE3004EA63F /* PlainExtension.podspec */; };
		438C035423913BE3004EA63F /* LICENSE in Resources */ = {isa = PBXBuildFile; fileRef = 438C035123913BE3004EA63F /* LICENSE */; };
		438C035523913BE3004EA63F /* README.md in Resources */ = {isa = PBXBuildFile; fileRef = 438C035223913BE3004EA63F /* README.md */; };
/* End PBXBuildFile section */

/* Begin PBXFileReference section */
		434FE68124CE51CF00A3A9BB /* Date.swift */ = {isa = PBXFileReference; fileEncoding = 4; lastKnownFileType = sourcecode.swift; path = Date.swift; sourceTree = "<group>"; };
		434FE68224CE51CF00A3A9BB /* Geometry.swift */ = {isa = PBXFileReference; fileEncoding = 4; lastKnownFileType = sourcecode.swift; path = Geometry.swift; sourceTree = "<group>"; };
		434FE68324CE51CF00A3A9BB /* UILabel.swift */ = {isa = PBXFileReference; fileEncoding = 4; lastKnownFileType = sourcecode.swift; path = UILabel.swift; sourceTree = "<group>"; };
		434FE68424CE51CF00A3A9BB /* Bundle.swift */ = {isa = PBXFileReference; fileEncoding = 4; lastKnownFileType = sourcecode.swift; path = Bundle.swift; sourceTree = "<group>"; };
		434FE68524CE51CF00A3A9BB /* UIViewController.swift */ = {isa = PBXFileReference; fileEncoding = 4; lastKnownFileType = sourcecode.swift; path = UIViewController.swift; sourceTree = "<group>"; };
		434FE68624CE51CF00A3A9BB /* Alert.swift */ = {isa = PBXFileReference; fileEncoding = 4; lastKnownFileType = sourcecode.swift; path = Alert.swift; sourceTree = "<group>"; };
		434FE68724CE51CF00A3A9BB /* Array.swift */ = {isa = PBXFileReference; fileEncoding = 4; lastKnownFileType = sourcecode.swift; path = Array.swift; sourceTree = "<group>"; };
		434FE68824CE51CF00A3A9BB /* OSLog.swift */ = {isa = PBXFileReference; fileEncoding = 4; lastKnownFileType = sourcecode.swift; path = OSLog.swift; sourceTree = "<group>"; };
		434FE68924CE51CF00A3A9BB /* UITableView.swift */ = {isa = PBXFileReference; fileEncoding = 4; lastKnownFileType = sourcecode.swift; path = UITableView.swift; sourceTree = "<group>"; };
		438C02B1239132CA004EA63F /* PlainExtension.framework */ = {isa = PBXFileReference; explicitFileType = wrapper.framework; includeInIndex = 0; path = PlainExtension.framework; sourceTree = BUILT_PRODUCTS_DIR; };
		438C02B4239132CA004EA63F /* PlainExtension.h */ = {isa = PBXFileReference; lastKnownFileType = sourcecode.c.h; path = PlainExtension.h; sourceTree = "<group>"; };
		438C02B5239132CA004EA63F /* Info.plist */ = {isa = PBXFileReference; lastKnownFileType = text.plist.xml; path = Info.plist; sourceTree = "<group>"; };
		438C02BD23913340004EA63F /* UIView.swift */ = {isa = PBXFileReference; fileEncoding = 4; lastKnownFileType = sourcecode.swift; path = UIView.swift; sourceTree = "<group>"; };
		438C02BE23913340004EA63F /* UINavigationController.swift */ = {isa = PBXFileReference; fileEncoding = 4; lastKnownFileType = sourcecode.swift; path = UINavigationController.swift; sourceTree = "<group>"; };
		438C02BF23913340004EA63F /* String.swift */ = {isa = PBXFileReference; fileEncoding = 4; lastKnownFileType = sourcecode.swift; path = String.swift; sourceTree = "<group>"; };
		438C02C023913340004EA63F /* Number.swift */ = {isa = PBXFileReference; fileEncoding = 4; lastKnownFileType = sourcecode.swift; path = Number.swift; sourceTree = "<group>"; };
		438C02C123913340004EA63F /* NSLayoutConstraint.swift */ = {isa = PBXFileReference; fileEncoding = 4; lastKnownFileType = sourcecode.swift; path = NSLayoutConstraint.swift; sourceTree = "<group>"; };
		438C02C223913340004EA63F /* Then.swift */ = {isa = PBXFileReference; fileEncoding = 4; lastKnownFileType = sourcecode.swift; path = Then.swift; sourceTree = "<group>"; };
		438C02C323913340004EA63F /* UIPageViewController.swift */ = {isa = PBXFileReference; fileEncoding = 4; lastKnownFileType = sourcecode.swift; path = UIPageViewController.swift; sourceTree = "<group>"; };
		438C02C423913340004EA63F /* UIButton.swift */ = {isa = PBXFileReference; fileEncoding = 4; lastKnownFileType = sourcecode.swift; path = UIButton.swift; sourceTree = "<group>"; };
		438C02C523913340004EA63F /* UIColor.swift */ = {isa = PBXFileReference; fileEncoding = 4; lastKnownFileType = sourcecode.swift; path = UIColor.swift; sourceTree = "<group>"; };
		438C02C623913340004EA63F /* Keyboard.swift */ = {isa = PBXFileReference; fileEncoding = 4; lastKnownFileType = sourcecode.swift; path = Keyboard.swift; sourceTree = "<group>"; };
		438C02C723913340004EA63F /* UIImage.swift */ = {isa = PBXFileReference; fileEncoding = 4; lastKnownFileType = sourcecode.swift; path = UIImage.swift; sourceTree = "<group>"; };
		438C035023913BE3004EA63F /* PlainExtension.podspec */ = {isa = PBXFileReference; lastKnownFileType = text; path = PlainExtension.podspec; sourceTree = SOURCE_ROOT; };
		438C035123913BE3004EA63F /* LICENSE */ = {isa = PBXFileReference; fileEncoding = 4; lastKnownFileType = text; path = LICENSE; sourceTree = SOURCE_ROOT; };
		438C035223913BE3004EA63F /* README.md */ = {isa = PBXFileReference; fileEncoding = 4; lastKnownFileType = net.daringfireball.markdown; path = README.md; sourceTree = SOURCE_ROOT; };
/* End PBXFileReference section */

/* Begin PBXFrameworksBuildPhase section */
		438C02AE239132CA004EA63F /* Frameworks */ = {
			isa = PBXFrameworksBuildPhase;
			buildActionMask = 2147483647;
			files = (
			);
			runOnlyForDeploymentPostprocessing = 0;
		};
/* End PBXFrameworksBuildPhase section */

/* Begin PBXGroup section */
		438C02A7239132CA004EA63F = {
			isa = PBXGroup;
			children = (
				438C02B3239132CA004EA63F /* PlainExtension */,
				438C02B2239132CA004EA63F /* Products */,
			);
			sourceTree = "<group>";
		};
		438C02B2239132CA004EA63F /* Products */ = {
			isa = PBXGroup;
			children = (
				438C02B1239132CA004EA63F /* PlainExtension.framework */,
			);
			name = Products;
			sourceTree = "<group>";
		};
		438C02B3239132CA004EA63F /* PlainExtension */ = {
			isa = PBXGroup;
			children = (
				438C031F239133EF004EA63F /* Podspec Metadata */,
				438C02BC23913328004EA63F /* Sources */,
				438C02B4239132CA004EA63F /* PlainExtension.h */,
				438C02B5239132CA004EA63F /* Info.plist */,
			);
			path = PlainExtension;
			sourceTree = "<group>";
		};
		438C02BC23913328004EA63F /* Sources */ = {
			isa = PBXGroup;
			children = (
				434FE68624CE51CF00A3A9BB /* Alert.swift */,
				434FE68724CE51CF00A3A9BB /* Array.swift */,
				434FE68424CE51CF00A3A9BB /* Bundle.swift */,
				434FE68124CE51CF00A3A9BB /* Date.swift */,
				434FE68224CE51CF00A3A9BB /* Geometry.swift */,
				434FE68824CE51CF00A3A9BB /* OSLog.swift */,
				434FE68324CE51CF00A3A9BB /* UILabel.swift */,
				434FE68924CE51CF00A3A9BB /* UITableView.swift */,
				434FE68524CE51CF00A3A9BB /* UIViewController.swift */,
				438C02C623913340004EA63F /* Keyboard.swift */,
				438C02C123913340004EA63F /* NSLayoutConstraint.swift */,
				438C02C023913340004EA63F /* Number.swift */,
				438C02BF23913340004EA63F /* String.swift */,
				438C02C223913340004EA63F /* Then.swift */,
				438C02C423913340004EA63F /* UIButton.swift */,
				438C02C523913340004EA63F /* UIColor.swift */,
				438C02C723913340004EA63F /* UIImage.swift */,
				438C02BE23913340004EA63F /* UINavigationController.swift */,
				438C02C323913340004EA63F /* UIPageViewController.swift */,
				438C02BD23913340004EA63F /* UIView.swift */,
			);
			path = Sources;
			sourceTree = "<group>";
		};
		438C031F239133EF004EA63F /* Podspec Metadata */ = {
			isa = PBXGroup;
			children = (
				438C035123913BE3004EA63F /* LICENSE */,
				438C035023913BE3004EA63F /* PlainExtension.podspec */,
				438C035223913BE3004EA63F /* README.md */,
			);
			name = "Podspec Metadata";
			sourceTree = "<group>";
		};
/* End PBXGroup section */

/* Begin PBXHeadersBuildPhase section */
		438C02AC239132CA004EA63F /* Headers */ = {
			isa = PBXHeadersBuildPhase;
			buildActionMask = 2147483647;
			files = (
				438C02B6239132CA004EA63F /* PlainExtension.h in Headers */,
			);
			runOnlyForDeploymentPostprocessing = 0;
		};
/* End PBXHeadersBuildPhase section */

/* Begin PBXNativeTarget section */
		438C02B0239132CA004EA63F /* PlainExtension */ = {
			isa = PBXNativeTarget;
			buildConfigurationList = 438C02B9239132CA004EA63F /* Build configuration list for PBXNativeTarget "PlainExtension" */;
			buildPhases = (
				438C02AC239132CA004EA63F /* Headers */,
				438C02AD239132CA004EA63F /* Sources */,
				438C02AE239132CA004EA63F /* Frameworks */,
				438C02AF239132CA004EA63F /* Resources */,
			);
			buildRules = (
			);
			dependencies = (
			);
			name = PlainExtension;
			productName = PlainExtension;
			productReference = 438C02B1239132CA004EA63F /* PlainExtension.framework */;
			productType = "com.apple.product-type.framework";
		};
/* End PBXNativeTarget section */

/* Begin PBXProject section */
		438C02A8239132CA004EA63F /* Project object */ = {
			isa = PBXProject;
			attributes = {
				LastUpgradeCheck = 1120;
				ORGANIZATIONNAME = "Trong Bui";
				TargetAttributes = {
					438C02B0239132CA004EA63F = {
						CreatedOnToolsVersion = 11.2.1;
					};
				};
			};
			buildConfigurationList = 438C02AB239132CA004EA63F /* Build configuration list for PBXProject "PlainExtension" */;
			compatibilityVersion = "Xcode 9.3";
			developmentRegion = en;
			hasScannedForEncodings = 0;
			knownRegions = (
				en,
				Base,
			);
			mainGroup = 438C02A7239132CA004EA63F;
			productRefGroup = 438C02B2239132CA004EA63F /* Products */;
			projectDirPath = "";
			projectRoot = "";
			targets = (
				438C02B0239132CA004EA63F /* PlainExtension */,
			);
		};
/* End PBXProject section */

/* Begin PBXResourcesBuildPhase section */
		438C02AF239132CA004EA63F /* Resources */ = {
			isa = PBXResourcesBuildPhase;
			buildActionMask = 2147483647;
			files = (
				438C035523913BE3004EA63F /* README.md in Resources */,
				438C035423913BE3004EA63F /* LICENSE in Resources */,
				438C035323913BE3004EA63F /* PlainExtension.podspec in Resources */,
			);
			runOnlyForDeploymentPostprocessing = 0;
		};
/* End PBXResourcesBuildPhase section */

/* Begin PBXSourcesBuildPhase section */
		438C02AD239132CA004EA63F /* Sources */ = {
			isa = PBXSourcesBuildPhase;
			buildActionMask = 2147483647;
			files = (
				438C02CB23913340004EA63F /* Number.swift in Sources */,
				438C02D223913340004EA63F /* UIImage.swift in Sources */,
				434FE68C24CE51CF00A3A9BB /* UILabel.swift in Sources */,
				434FE68F24CE51CF00A3A9BB /* Alert.swift in Sources */,
				438C02CA23913340004EA63F /* String.swift in Sources */,
				434FE69124CE51CF00A3A9BB /* OSLog.swift in Sources */,
				438C02D123913340004EA63F /* Keyboard.swift in Sources */,
				434FE68B24CE51CF00A3A9BB /* Geometry.swift in Sources */,
				438C02CE23913340004EA63F /* UIPageViewController.swift in Sources */,
				438C02CF23913340004EA63F /* UIButton.swift in Sources */,
				434FE69024CE51CF00A3A9BB /* Array.swift in Sources */,
				438C02D023913340004EA63F /* UIColor.swift in Sources */,
				434FE68A24CE51CF00A3A9BB /* Date.swift in Sources */,
				438C02C823913340004EA63F /* UIView.swift in Sources */,
				438C02C923913340004EA63F /* UINavigationController.swift in Sources */,
				438C02CD23913340004EA63F /* Then.swift in Sources */,
				434FE68D24CE51CF00A3A9BB /* Bundle.swift in Sources */,
				434FE69224CE51CF00A3A9BB /* UITableView.swift in Sources */,
				434FE68E24CE51CF00A3A9BB /* UIViewController.swift in Sources */,
				438C02CC23913340004EA63F /* NSLayoutConstraint.swift in Sources */,
			);
			runOnlyForDeploymentPostprocessing = 0;
		};
/* End PBXSourcesBuildPhase section */

/* Begin XCBuildConfiguration section */
		438C02B7239132CA004EA63F /* Debug */ = {
			isa = XCBuildConfiguration;
			buildSettings = {
				ALWAYS_SEARCH_USER_PATHS = NO;
				CLANG_ANALYZER_NONNULL = YES;
				CLANG_ANALYZER_NUMBER_OBJECT_CONVERSION = YES_AGGRESSIVE;
				CLANG_CXX_LANGUAGE_STANDARD = "gnu++14";
				CLANG_CXX_LIBRARY = "libc++";
				CLANG_ENABLE_MODULES = YES;
				CLANG_ENABLE_OBJC_ARC = YES;
				CLANG_ENABLE_OBJC_WEAK = YES;
				CLANG_WARN_BLOCK_CAPTURE_AUTORELEASING = YES;
				CLANG_WARN_BOOL_CONVERSION = YES;
				CLANG_WARN_COMMA = YES;
				CLANG_WARN_CONSTANT_CONVERSION = YES;
				CLANG_WARN_DEPRECATED_OBJC_IMPLEMENTATIONS = YES;
				CLANG_WARN_DIRECT_OBJC_ISA_USAGE = YES_ERROR;
				CLANG_WARN_DOCUMENTATION_COMMENTS = YES;
				CLANG_WARN_EMPTY_BODY = YES;
				CLANG_WARN_ENUM_CONVERSION = YES;
				CLANG_WARN_INFINITE_RECURSION = YES;
				CLANG_WARN_INT_CONVERSION = YES;
				CLANG_WARN_NON_LITERAL_NULL_CONVERSION = YES;
				CLANG_WARN_OBJC_IMPLICIT_RETAIN_SELF = YES;
				CLANG_WARN_OBJC_LITERAL_CONVERSION = YES;
				CLANG_WARN_OBJC_ROOT_CLASS = YES_ERROR;
				CLANG_WARN_RANGE_LOOP_ANALYSIS = YES;
				CLANG_WARN_STRICT_PROTOTYPES = YES;
				CLANG_WARN_SUSPICIOUS_MOVE = YES;
				CLANG_WARN_UNGUARDED_AVAILABILITY = YES_AGGRESSIVE;
				CLANG_WARN_UNREACHABLE_CODE = YES;
				CLANG_WARN__DUPLICATE_METHOD_MATCH = YES;
				COPY_PHASE_STRIP = NO;
				CURRENT_PROJECT_VERSION = 1;
				DEBUG_INFORMATION_FORMAT = dwarf;
				ENABLE_STRICT_OBJC_MSGSEND = YES;
				ENABLE_TESTABILITY = YES;
				GCC_C_LANGUAGE_STANDARD = gnu11;
				GCC_DYNAMIC_NO_PIC = NO;
				GCC_NO_COMMON_BLOCKS = YES;
				GCC_OPTIMIZATION_LEVEL = 0;
				GCC_PREPROCESSOR_DEFINITIONS = (
					"DEBUG=1",
					"$(inherited)",
				);
				GCC_WARN_64_TO_32_BIT_CONVERSION = YES;
				GCC_WARN_ABOUT_RETURN_TYPE = YES_ERROR;
				GCC_WARN_UNDECLARED_SELECTOR = YES;
				GCC_WARN_UNINITIALIZED_AUTOS = YES_AGGRESSIVE;
				GCC_WARN_UNUSED_FUNCTION = YES;
				GCC_WARN_UNUSED_VARIABLE = YES;
				IPHONEOS_DEPLOYMENT_TARGET = 13.2;
				MTL_ENABLE_DEBUG_INFO = INCLUDE_SOURCE;
				MTL_FAST_MATH = YES;
				ONLY_ACTIVE_ARCH = YES;
				SDKROOT = iphoneos;
				SWIFT_ACTIVE_COMPILATION_CONDITIONS = DEBUG;
				SWIFT_OPTIMIZATION_LEVEL = "-Onone";
				VERSIONING_SYSTEM = "apple-generic";
				VERSION_INFO_PREFIX = "";
			};
			name = Debug;
		};
		438C02B8239132CA004EA63F /* Release */ = {
			isa = XCBuildConfiguration;
			buildSettings = {
				ALWAYS_SEARCH_USER_PATHS = NO;
				CLANG_ANALYZER_NONNULL = YES;
				CLANG_ANALYZER_NUMBER_OBJECT_CONVERSION = YES_AGGRESSIVE;
				CLANG_CXX_LANGUAGE_STANDARD = "gnu++14";
				CLANG_CXX_LIBRARY = "libc++";
				CLANG_ENABLE_MODULES = YES;
				CLANG_ENABLE_OBJC_ARC = YES;
				CLANG_ENABLE_OBJC_WEAK = YES;
				CLANG_WARN_BLOCK_CAPTURE_AUTORELEASING = YES;
				CLANG_WARN_BOOL_CONVERSION = YES;
				CLANG_WARN_COMMA = YES;
				CLANG_WARN_CONSTANT_CONVERSION = YES;
				CLANG_WARN_DEPRECATED_OBJC_IMPLEMENTATIONS = YES;
				CLANG_WARN_DIRECT_OBJC_ISA_USAGE = YES_ERROR;
				CLANG_WARN_DOCUMENTATION_COMMENTS = YES;
				CLANG_WARN_EMPTY_BODY = YES;
				CLANG_WARN_ENUM_CONVERSION = YES;
				CLANG_WARN_INFINITE_RECURSION = YES;
				CLANG_WARN_INT_CONVERSION = YES;
				CLANG_WARN_NON_LITERAL_NULL_CONVERSION = YES;
				CLANG_WARN_OBJC_IMPLICIT_RETAIN_SELF = YES;
				CLANG_WARN_OBJC_LITERAL_CONVERSION = YES;
				CLANG_WARN_OBJC_ROOT_CLASS = YES_ERROR;
				CLANG_WARN_RANGE_LOOP_ANALYSIS = YES;
				CLANG_WARN_STRICT_PROTOTYPES = YES;
				CLANG_WARN_SUSPICIOUS_MOVE = YES;
				CLANG_WARN_UNGUARDED_AVAILABILITY = YES_AGGRESSIVE;
				CLANG_WARN_UNREACHABLE_CODE = YES;
				CLANG_WARN__DUPLICATE_METHOD_MATCH = YES;
				COPY_PHASE_STRIP = NO;
				CURRENT_PROJECT_VERSION = 1;
				DEBUG_INFORMATION_FORMAT = "dwarf-with-dsym";
				ENABLE_NS_ASSERTIONS = NO;
				ENABLE_STRICT_OBJC_MSGSEND = YES;
				GCC_C_LANGUAGE_STANDARD = gnu11;
				GCC_NO_COMMON_BLOCKS = YES;
				GCC_WARN_64_TO_32_BIT_CONVERSION = YES;
				GCC_WARN_ABOUT_RETURN_TYPE = YES_ERROR;
				GCC_WARN_UNDECLARED_SELECTOR = YES;
				GCC_WARN_UNINITIALIZED_AUTOS = YES_AGGRESSIVE;
				GCC_WARN_UNUSED_FUNCTION = YES;
				GCC_WARN_UNUSED_VARIABLE = YES;
				IPHONEOS_DEPLOYMENT_TARGET = 13.2;
				MTL_ENABLE_DEBUG_INFO = NO;
				MTL_FAST_MATH = YES;
				SDKROOT = iphoneos;
				SWIFT_COMPILATION_MODE = wholemodule;
				SWIFT_OPTIMIZATION_LEVEL = "-O";
				VALIDATE_PRODUCT = YES;
				VERSIONING_SYSTEM = "apple-generic";
				VERSION_INFO_PREFIX = "";
			};
			name = Release;
		};
		438C02BA239132CA004EA63F /* Debug */ = {
			isa = XCBuildConfiguration;
			buildSettings = {
				CODE_SIGN_STYLE = Automatic;
				DEFINES_MODULE = YES;
				DEVELOPMENT_TEAM = 8F6H65Z3MZ;
				DYLIB_COMPATIBILITY_VERSION = 1;
				DYLIB_CURRENT_VERSION = 1;
				DYLIB_INSTALL_NAME_BASE = "@rpath";
				INFOPLIST_FILE = PlainExtension/Info.plist;
				INSTALL_PATH = "$(LOCAL_LIBRARY_DIR)/Frameworks";
				LD_RUNPATH_SEARCH_PATHS = (
					"$(inherited)",
					"@executable_path/Frameworks",
					"@loader_path/Frameworks",
				);
				PRODUCT_BUNDLE_IDENTIFIER = com.twentyseven.PlainExtension;
				PRODUCT_NAME = "$(TARGET_NAME:c99extidentifier)";
				SKIP_INSTALL = YES;
				SWIFT_VERSION = 5.0;
				TARGETED_DEVICE_FAMILY = "1,2";
			};
			name = Debug;
		};
		438C02BB239132CA004EA63F /* Release */ = {
			isa = XCBuildConfiguration;
			buildSettings = {
				CODE_SIGN_STYLE = Automatic;
				DEFINES_MODULE = YES;
				DEVELOPMENT_TEAM = 8F6H65Z3MZ;
				DYLIB_COMPATIBILITY_VERSION = 1;
				DYLIB_CURRENT_VERSION = 1;
				DYLIB_INSTALL_NAME_BASE = "@rpath";
				INFOPLIST_FILE = PlainExtension/Info.plist;
				INSTALL_PATH = "$(LOCAL_LIBRARY_DIR)/Frameworks";
				LD_RUNPATH_SEARCH_PATHS = (
					"$(inherited)",
					"@executable_path/Frameworks",
					"@loader_path/Frameworks",
				);
				PRODUCT_BUNDLE_IDENTIFIER = com.twentyseven.PlainExtension;
				PRODUCT_NAME = "$(TARGET_NAME:c99extidentifier)";
				SKIP_INSTALL = YES;
				SWIFT_VERSION = 5.0;
				TARGETED_DEVICE_FAMILY = "1,2";
			};
			name = Release;
		};
/* End XCBuildConfiguration section */

/* Begin XCConfigurationList section */
		438C02AB239132CA004EA63F /* Build configuration list for PBXProject "PlainExtension" */ = {
			isa = XCConfigurationList;
			buildConfigurations = (
				438C02B7239132CA004EA63F /* Debug */,
				438C02B8239132CA004EA63F /* Release */,
			);
			defaultConfigurationIsVisible = 0;
			defaultConfigurationName = Release;
		};
		438C02B9239132CA004EA63F /* Build configuration list for PBXNativeTarget "PlainExtension" */ = {
			isa = XCConfigurationList;
			buildConfigurations = (
				438C02BA239132CA004EA63F /* Debug */,
				438C02BB239132CA004EA63F /* Release */,
			);
			defaultConfigurationIsVisible = 0;
			defaultConfigurationName = Release;
		};
/* End XCConfigurationList section */
	};
	rootObject = 438C02A8239132CA004EA63F /* Project object */;
}
